{
  "name": "@writetome51/batch-paginator",
  "version": "1.0.0",
  "lockfileVersion": 1,
  "requires": true,
  "dependencies": {
    "@writetome51/app-paginator": {
      "version": "1.0.0",
      "resolved": "https://registry.npmjs.org/@writetome51/app-paginator/-/app-paginator-1.0.0.tgz",
      "integrity": "sha512-/PHBG2r4jexwZLfGiVocu1VTImP/re+0cDDWehof5JKJojFif70U8S3cwakil01Ffu+zY0DBtwrxYewGskTPqQ==",
      "requires": {
        "@writetome51/array-paginator": "~3.0.0",
        "@writetome51/get-rounded-up-down": "~1.0.8"
      }
    },
    "@writetome51/array-and-index-validation": {
      "version": "1.0.3",
      "resolved": "https://registry.npmjs.org/@writetome51/array-and-index-validation/-/array-and-index-validation-1.0.3.tgz",
      "integrity": "sha512-l+SZ7APB/PVO1V3P20pQfG9jWKtIr06+aafur8sacuQbZEsrBmJ5DIrlK2Q58D8rM58Btvq5WvIs9s8SsDyXnQ==",
      "requires": {
        "basic-data-handling": "~1.0.13"
      }
    },
    "@writetome51/array-get-adjacent-at": {
      "version": "1.0.2",
      "resolved": "https://registry.npmjs.org/@writetome51/array-get-adjacent-at/-/array-get-adjacent-at-1.0.2.tgz",
      "integrity": "sha512-ou+gBnEt92QCrs8KrjPb6Mp0J6JAEJ3ldtNxUug0g0EAD6iac42Qklcjm1KSylboXxJf2AZHXlUNfFQLzfk2jw==",
      "requires": {
        "@writetome51/array-and-index-validation": "~1.0.3",
        "basic-data-handling": "~1.0.13"
      }
    },
    "@writetome51/array-get-head-tail": {
      "version": "1.0.4",
      "resolved": "https://registry.npmjs.org/@writetome51/array-get-head-tail/-/array-get-head-tail-1.0.4.tgz",
      "integrity": "sha512-SpRqowsXOXz9B7PNQPcXmyqbtV+9/aJY71Or6dYBGSmz398g8a5yKxfv8VEs0jPzdESVesTPJIi0YxHgvI9Lyw==",
      "requires": {
        "@writetome51/array-get-adjacent-at": "~1.0.2"
      }
    },
    "@writetome51/array-paginator": {
      "version": "3.0.0",
      "resolved": "https://registry.npmjs.org/@writetome51/array-paginator/-/array-paginator-3.0.0.tgz",
      "integrity": "sha512-BE5sOAh/qWgdNy9rQaMHwEdim438d0wAPbRopMvu1PLGEaK46f7oS7RuYezyRQeKhOkXiTUjGD56l2TlYAn6Uw==",
      "requires": {
        "@writetome51/array-get-adjacent-at": "~1.0.1",
        "@writetome51/array-get-head-tail": "~1.0.3",
        "@writetome51/get-rounded-up-down": "~1.0.7",
        "@writetome51/in-range": "~1.0.0",
        "@writetome51/not": "~1.0.3",
        "@writetome51/public-array-container": "~2.0.1",
        "basic-data-handling": "~1.0.13"
      }
    },
    "@writetome51/arrays-match": {
      "version": "1.0.4",
      "resolved": "https://registry.npmjs.org/@writetome51/arrays-match/-/arrays-match-1.0.4.tgz",
      "integrity": "sha512-lGsKy0igy34c0gggD8KgusyavX+KhQwbEiJvT6VjZ0Wj7eWELFOqzc4qnH5uB0zCn7PdOwAjXQu9XWUabA9Jcg==",
      "dev": true,
      "requires": {
        "basic-data-handling": "~1.0.13",
        "error-if-values-are-not-arrays": "~1.0.2"
      }
    },
    "@writetome51/base-class": {
      "version": "0.0.2",
      "resolved": "https://registry.npmjs.org/@writetome51/base-class/-/base-class-0.0.2.tgz",
      "integrity": "sha512-ILp2+5S3nEo8tNrzrAesYibRQCrlWNW86GJlS/RDgK8LMXCSc6QYcKd6MCOM4r9zRwSfOUzMXG2eZWdy66WkIw=="
    },
    "@writetome51/get-countup-countdown": {
      "version": "1.0.1",
      "resolved": "https://registry.npmjs.org/@writetome51/get-countup-countdown/-/get-countup-countdown-1.0.1.tgz",
      "integrity": "sha512-xlcicuvAi53ii0++nxQxyfd2zs0GzfKZipVllGkWsc5YAkhEDl4uUnLpQi+aoBofXJCB/WbD0dec+sgkY2JhuQ==",
      "dev": true
    },
    "@writetome51/get-left-of-decimal": {
      "version": "1.0.3",
      "resolved": "https://registry.npmjs.org/@writetome51/get-left-of-decimal/-/get-left-of-decimal-1.0.3.tgz",
      "integrity": "sha512-SNsEETSqHEpW2ONAESgRT1ek6/6y2FHYQqKEfYJzisTJ//41KQbZxwGLFZOuIM+xoMnuD/kBDED90/Ngm9n2Ug==",
      "requires": {
        "basic-data-handling": "~1.0.13"
      }
    },
    "@writetome51/get-rounded-up-down": {
      "version": "1.0.8",
      "resolved": "https://registry.npmjs.org/@writetome51/get-rounded-up-down/-/get-rounded-up-down-1.0.8.tgz",
      "integrity": "sha512-s8VwxarGGFG+2M0osWxCob5/a8Pe1YEaNlQS16NlxQuQOR7NiUzWLEf3cHAf12ZtFLjK220IZ/jcCI7P8bNU5Q==",
      "requires": {
        "@writetome51/get-left-of-decimal": "~1.0.3",
        "basic-data-handling": "~1.0.13"
      }
    },
    "@writetome51/in-range": {
      "version": "1.0.2",
      "resolved": "https://registry.npmjs.org/@writetome51/in-range/-/in-range-1.0.2.tgz",
      "integrity": "sha512-bDgyG4lVuWfWaA7dGQWE9Jrw5KvMRwvCLxHmNUJ1leOzAgyo/Jl3pLKOCb9z8L6NKB4fXhDjj63fjEjVW3dQiQ==",
      "requires": {
        "basic-data-handling": "~1.0.13"
      }
    },
    "@writetome51/not": {
      "version": "1.0.3",
      "resolved": "https://registry.npmjs.org/@writetome51/not/-/not-1.0.3.tgz",
      "integrity": "sha512-MJrh50byG0cBuqhrSRMYxGGmYr5BVb7T6OmFeqL8pFuNUFh/lUIXFXScsYM0jlVYmKDhnYJg+QZTOFvvCdzuRw=="
    },
    "@writetome51/public-array-container": {
      "version": "2.0.1",
      "resolved": "https://registry.npmjs.org/@writetome51/public-array-container/-/public-array-container-2.0.1.tgz",
      "integrity": "sha512-/bUZTiuv21HKWVsKYDOdQEIvQxPTeyaVE64Gk5Hzgh5f11CUZiDb0cdgEdd4zFaGRnkCNsT9eMG+bJG4taVC+g==",
      "requires": {
        "@writetome51/base-class": "~0.0.1",
        "basic-data-handling": "~1.0.13",
        "public-data-container-interface": "~1.0.3"
      }
    },
    "basic-data-handling": {
      "version": "1.0.13",
      "resolved": "https://registry.npmjs.org/basic-data-handling/-/basic-data-handling-1.0.13.tgz",
      "integrity": "sha512-YRXUq0keESBb4XXzFAStPYJjviRx6CPPSzT/EfpMOLRfBrhnbBeKD2n+kfZyw2zvjreClf16xPF0tDjiLO+ogw=="
    },
    "error-if-values-are-not-arrays": {
      "version": "1.0.2",
      "resolved": "https://registry.npmjs.org/error-if-values-are-not-arrays/-/error-if-values-are-not-arrays-1.0.2.tgz",
      "integrity": "sha512-HD4BW6LoQpF0aGVIW1UCsY8LLnB+19kGoYs2HaB8CcaBcGw0ed3XnwJTSb/sr8YqLFkhfFO5bsaFB8savUPKsw==",
      "dev": true,
      "requires": {
        "basic-data-handling": "~1.0.13"
      }
    },
    "public-data-container-interface": {
      "version": "1.0.3",
      "resolved": "https://registry.npmjs.org/public-data-container-interface/-/public-data-container-interface-1.0.3.tgz",
      "integrity": "sha512-/Ol+b7P3E/utnNkr/dwXZaVyYKt0/MnWiUxTCZmmLIjhfeMInR6Ki8sHgW7ESdUbQ3SyHZK5u03K1ifnUcxIIw=="
    },
    "typescript": {
      "version": "3.2.4",
      "resolved": "https://registry.npmjs.org/typescript/-/typescript-3.2.4.tgz",
      "integrity": "sha512-0RNDbSdEokBeEAkgNbxJ+BLwSManFy9TeXz8uW+48j/xhEXv1ePME60olyzw2XzUqUBNAYFeJadIqAgNqIACwg==",
      "dev": true
    }
  }
}
