{
  "name": "@writetome51/batchinator",
  "version": "2.0.1",
  "lockfileVersion": 1,
  "requires": true,
  "dependencies": {
    "@writetome51/arrays-match": {
      "version": "1.0.5",
      "resolved": "https://registry.npmjs.org/@writetome51/arrays-match/-/arrays-match-1.0.5.tgz",
      "integrity": "sha512-hg5i3N8g2ChvaLEh2n7H4iaLeiCgRzd+JzqH/Zwx0t06JA5HsHZ6XheJe4UgAFVBrLvJiBiof6IqgPrzyRz/Aw==",
      "dev": true,
      "requires": {
        "basic-data-handling": "~1.0.15",
        "error-if-values-are-not-arrays": "~1.0.2"
      }
    },
    "@writetome51/base-class": {
      "version": "0.0.3",
      "resolved": "https://registry.npmjs.org/@writetome51/base-class/-/base-class-0.0.3.tgz",
      "integrity": "sha512-Z8WEg7FHtCq32gs55+CCRs4Vq9kOjLuDytzIjfgaYjNhOqjx2wI2sCD7c7x4qOuQ02yUmjilr2HN/nopjax2UA=="
    },
    "@writetome51/get-left-of-decimal": {
      "version": "1.0.4",
      "resolved": "https://registry.npmjs.org/@writetome51/get-left-of-decimal/-/get-left-of-decimal-1.0.4.tgz",
      "integrity": "sha512-7JYs3MAGAfkC098odGFcaBSVduoXfgEZuq5/Jwvj7ED+ip5iwNHu30NFphZlAR/iY66+zeLi3uGlBTJCVwqong==",
      "requires": {
        "basic-data-handling": "~1.0.15"
      }
    },
    "@writetome51/get-rounded-up-down": {
      "version": "1.0.9",
      "resolved": "https://registry.npmjs.org/@writetome51/get-rounded-up-down/-/get-rounded-up-down-1.0.9.tgz",
      "integrity": "sha512-4NV4xMOsF+PvZiNCdW/UJm+cM5hLTjLYKSlUcIbMauzHL6sgNdnfg678WuCWcxrOP2pLpz6riY4vJa0cgLOzQA==",
      "requires": {
        "@writetome51/get-left-of-decimal": "~1.0.4",
        "basic-data-handling": "~1.0.15"
      }
    },
    "@writetome51/in-range": {
      "version": "1.0.3",
      "resolved": "https://registry.npmjs.org/@writetome51/in-range/-/in-range-1.0.3.tgz",
      "integrity": "sha512-ec6cHmz0Km7RlBb6ya3y535p0gTLCTqycVw+IERiKgeIrNW+7X1rxSSsvOY1iXBFtRWpUx8yGGzEGE02o4sOBg==",
      "requires": {
        "basic-data-handling": "~1.0.15"
      }
    },
    "@writetome51/not": {
      "version": "1.0.4",
      "resolved": "https://registry.npmjs.org/@writetome51/not/-/not-1.0.4.tgz",
      "integrity": "sha512-SLkliFCiR73ChN8LvhAwFJikxgjVrl7vFlIh280eXpHUPts2IUto20chm9SSO7NVDp9g45WW/5st1bz643VXzg=="
    },
    "basic-data-handling": {
      "version": "1.0.15",
      "resolved": "https://registry.npmjs.org/basic-data-handling/-/basic-data-handling-1.0.15.tgz",
      "integrity": "sha512-HyXRwPTfhKacukW4mMJl+3IsFC+5NzMr9flzp+XBJhHol0eAZzLxYqP7w3Cme3cziKcshzoO7Zf/9C+bewJWpA=="
    },
    "error-if-values-are-not-arrays": {
      "version": "1.0.2",
      "resolved": "https://registry.npmjs.org/error-if-values-are-not-arrays/-/error-if-values-are-not-arrays-1.0.2.tgz",
      "integrity": "sha512-HD4BW6LoQpF0aGVIW1UCsY8LLnB+19kGoYs2HaB8CcaBcGw0ed3XnwJTSb/sr8YqLFkhfFO5bsaFB8savUPKsw==",
      "dev": true,
      "requires": {
        "basic-data-handling": "~1.0.13"
      }
    }
  }
}
